
Microsoft Visual Studio Solution File, Format Version 12.00
# Visual Studio Version 17
VisualStudioVersion = 17.11.35327.3
MinimumVisualStudioVersion = 10.0.40219.1
Project("{FAE04EC0-301F-11D3-BF4B-00C04F79EFBC}") = "EmitterPersonalAccount.API", "EmitterPersonalAccount.API.csproj", "{9A0FA443-320A-4E03-BD98-46B694A4179A}"
EndProject
Project("{FAE04EC0-301F-11D3-BF4B-00C04F79EFBC}") = "EmitterPersonalAccount.Core", "..\EmitterPersonalAccount.Core\EmitterPersonalAccount.Core.csproj", "{A312E673-3380-4A9A-A4F1-E4BDA92BDEFD}"
EndProject
Global
	GlobalSection(SolutionConfigurationPlatforms) = preSolution
		Debug|Any CPU = Debug|Any CPU
		Release|Any CPU = Release|Any CPU
	EndGlobalSection
	GlobalSection(ProjectConfigurationPlatforms) = postSolution
		{9A0FA443-320A-4E03-BD98-46B694A4179A}.Debug|Any CPU.ActiveCfg = Debug|Any CPU
		{9A0FA443-320A-4E03-BD98-46B694A4179A}.Debug|Any CPU.Build.0 = Debug|Any CPU
		{9A0FA443-320A-4E03-BD98-46B694A4179A}.Release|Any CPU.ActiveCfg = Release|Any CPU
		{9A0FA443-320A-4E03-BD98-46B694A4179A}.Release|Any CPU.Build.0 = Release|Any CPU
		{A312E673-3380-4A9A-A4F1-E4BDA92BDEFD}.Debug|Any CPU.ActiveCfg = Debug|Any CPU
		{A312E673-3380-4A9A-A4F1-E4BDA92BDEFD}.Debug|Any CPU.Build.0 = Debug|Any CPU
		{A312E673-3380-4A9A-A4F1-E4BDA92BDEFD}.Release|Any CPU.ActiveCfg = Release|Any CPU
		{A312E673-3380-4A9A-A4F1-E4BDA92BDEFD}.Release|Any CPU.Build.0 = Release|Any CPU
	EndGlobalSection
	GlobalSection(SolutionProperties) = preSolution
		HideSolutionNode = FALSE
	EndGlobalSection
	GlobalSection(ExtensibilityGlobals) = postSolution
		SolutionGuid = {63C3254E-549D-4B69-ACFF-C1580BBD2106}
	EndGlobalSection
EndGlobal
